
Microsoft Visual Studio Solution File, Format Version 12.00
# Visual Studio Version 17
VisualStudioVersion = 17.14.36414.22
MinimumVisualStudioVersion = 10.0.40219.1
Project("{FAE04EC0-301F-11D3-BF4B-00C04F79EFBC}") = "MudBlazorSimpleScheduler", "MudBlazorSimpleScheduler.csproj", "{8E0C5EAE-6B6E-4B6B-A89E-C522712A667C}"
EndProject
Global
	GlobalSection(SolutionConfigurationPlatforms) = preSolution
		Debug|Any CPU = Debug|Any CPU
		Release|Any CPU = Release|Any CPU
	EndGlobalSection
	GlobalSection(ProjectConfigurationPlatforms) = postSolution
		{8E0C5EAE-6B6E-4B6B-A89E-C522712A667C}.Debug|Any CPU.ActiveCfg = Debug|Any CPU
		{8E0C5EAE-6B6E-4B6B-A89E-C522712A667C}.Debug|Any CPU.Build.0 = Debug|Any CPU
		{8E0C5EAE-6B6E-4B6B-A89E-C522712A667C}.Release|Any CPU.ActiveCfg = Release|Any CPU
		{8E0C5EAE-6B6E-4B6B-A89E-C522712A667C}.Release|Any CPU.Build.0 = Release|Any CPU
	EndGlobalSection
	GlobalSection(SolutionProperties) = preSolution
		HideSolutionNode = FALSE
	EndGlobalSection
	GlobalSection(ExtensibilityGlobals) = postSolution
		SolutionGuid = {E5BC5422-36EC-4223-B7D5-E8F502A28FF5}
	EndGlobalSection
EndGlobal
